// !$*UTF8*$!
{
	archiveVersion = 1;
	classes = {
	};
	objectVersion = 46;
	objects = {

/* Begin PBXBuildFile section */
		3F7E5E241E54C19200C574B9 /* AppDelegate.swift in Sources */ = {isa = PBXBuildFile; fileRef = 3F7E5E231E54C19200C574B9 /* AppDelegate.swift */; };
		3F7E5E261E54C19200C574B9 /* ViewController.swift in Sources */ = {isa = PBXBuildFile; fileRef = 3F7E5E251E54C19200C574B9 /* ViewController.swift */; };
		3F7E5E291E54C19200C574B9 /* Main.storyboard in Resources */ = {isa = PBXBuildFile; fileRef = 3F7E5E271E54C19200C574B9 /* Main.storyboard */; };
		3F7E5E2C1E54C19200C574B9 /* MoneyManager.xcdatamodeld in Sources */ = {isa = PBXBuildFile; fileRef = 3F7E5E2A1E54C19200C574B9 /* MoneyManager.xcdatamodeld */; };
		3F7E5E2E1E54C19200C574B9 /* Assets.xcassets in Resources */ = {isa = PBXBuildFile; fileRef = 3F7E5E2D1E54C19200C574B9 /* Assets.xcassets */; };
		3F7E5E311E54C19200C574B9 /* LaunchScreen.storyboard in Resources */ = {isa = PBXBuildFile; fileRef = 3F7E5E2F1E54C19200C574B9 /* LaunchScreen.storyboard */; };
		3F7E5E3C1E54C19200C574B9 /* MoneyManagerTests.swift in Sources */ = {isa = PBXBuildFile; fileRef = 3F7E5E3B1E54C19200C574B9 /* MoneyManagerTests.swift */; };
		3F7E5E471E54C19200C574B9 /* MoneyManagerUITests.swift in Sources */ = {isa = PBXBuildFile; fileRef = 3F7E5E461E54C19200C574B9 /* MoneyManagerUITests.swift */; };
		3FAE4DE71E65CDB900910429 /* LaunchController.swift in Sources */ = {isa = PBXBuildFile; fileRef = 3FAE4DE61E65CDB900910429 /* LaunchController.swift */; };
		3FAE4DE91E65DFB300910429 /* KeychainWrapper.swift in Sources */ = {isa = PBXBuildFile; fileRef = 3FAE4DE81E65DFB300910429 /* KeychainWrapper.swift */; };
		3FAE4DEB1E65DFD700910429 /* KeychainItemAccessibility.swift in Sources */ = {isa = PBXBuildFile; fileRef = 3FAE4DEA1E65DFD700910429 /* KeychainItemAccessibility.swift */; };
		3FF2917D1E5F38F50080BB00 /* Category.swift in Sources */ = {isa = PBXBuildFile; fileRef = 3FF2917C1E5F38F50080BB00 /* Category.swift */; };
		3FF291811E5F396D0080BB00 /* Bill.swift in Sources */ = {isa = PBXBuildFile; fileRef = 3FF291801E5F396D0080BB00 /* Bill.swift */; };
		3FF291871E5F84360080BB00 /* NewCategoryController.swift in Sources */ = {isa = PBXBuildFile; fileRef = 3FF291861E5F84360080BB00 /* NewCategoryController.swift */; };
		3FF291891E5F84600080BB00 /* CategoryController.swift in Sources */ = {isa = PBXBuildFile; fileRef = 3FF291881E5F84600080BB00 /* CategoryController.swift */; };
		3FF2918B1E5F846E0080BB00 /* NewBillController.swift in Sources */ = {isa = PBXBuildFile; fileRef = 3FF2918A1E5F846E0080BB00 /* NewBillController.swift */; };
/* End PBXBuildFile section */

/* Begin PBXContainerItemProxy section */
		3F7E5E381E54C19200C574B9 /* PBXContainerItemProxy */ = {
			isa = PBXContainerItemProxy;
			containerPortal = 3F7E5E181E54C19200C574B9 /* Project object */;
			proxyType = 1;
			remoteGlobalIDString = 3F7E5E1F1E54C19200C574B9;
			remoteInfo = MoneyManager;
		};
		3F7E5E431E54C19200C574B9 /* PBXContainerItemProxy */ = {
			isa = PBXContainerItemProxy;
			containerPortal = 3F7E5E181E54C19200C574B9 /* Project object */;
			proxyType = 1;
			remoteGlobalIDString = 3F7E5E1F1E54C19200C574B9;
			remoteInfo = MoneyManager;
		};
/* End PBXContainerItemProxy section */

/* Begin PBXFileReference section */
		3F7E5E201E54C19200C574B9 /* MoneyManager.app */ = {isa = PBXFileReference; explicitFileType = wrapper.application; includeInIndex = 0; path = MoneyManager.app; sourceTree = BUILT_PRODUCTS_DIR; };
		3F7E5E231E54C19200C574B9 /* AppDelegate.swift */ = {isa = PBXFileReference; lastKnownFileType = sourcecode.swift; path = AppDelegate.swift; sourceTree = "<group>"; };
		3F7E5E251E54C19200C574B9 /* ViewController.swift */ = {isa = PBXFileReference; lastKnownFileType = sourcecode.swift; path = ViewController.swift; sourceTree = "<group>"; };
		3F7E5E281E54C19200C574B9 /* Base */ = {isa = PBXFileReference; lastKnownFileType = file.storyboard; name = Base; path = Base.lproj/Main.storyboard; sourceTree = "<group>"; };
		3F7E5E2B1E54C19200C574B9 /* MoneyManager.xcdatamodel */ = {isa = PBXFileReference; lastKnownFileType = wrapper.xcdatamodel; path = MoneyManager.xcdatamodel; sourceTree = "<group>"; };
		3F7E5E2D1E54C19200C574B9 /* Assets.xcassets */ = {isa = PBXFileReference; lastKnownFileType = folder.assetcatalog; path = Assets.xcassets; sourceTree = "<group>"; };
		3F7E5E301E54C19200C574B9 /* Base */ = {isa = PBXFileReference; lastKnownFileType = file.storyboard; name = Base; path = Base.lproj/LaunchScreen.storyboard; sourceTree = "<group>"; };
		3F7E5E321E54C19200C574B9 /* Info.plist */ = {isa = PBXFileReference; lastKnownFileType = text.plist.xml; path = Info.plist; sourceTree = "<group>"; };
		3F7E5E371E54C19200C574B9 /* MoneyManagerTests.xctest */ = {isa = PBXFileReference; explicitFileType = wrapper.cfbundle; includeInIndex = 0; path = MoneyManagerTests.xctest; sourceTree = BUILT_PRODUCTS_DIR; };
		3F7E5E3B1E54C19200C574B9 /* MoneyManagerTests.swift */ = {isa = PBXFileReference; lastKnownFileType = sourcecode.swift; path = MoneyManagerTests.swift; sourceTree = "<group>"; };
		3F7E5E3D1E54C19200C574B9 /* Info.plist */ = {isa = PBXFileReference; lastKnownFileType = text.plist.xml; path = Info.plist; sourceTree = "<group>"; };
		3F7E5E421E54C19200C574B9 /* MoneyManagerUITests.xctest */ = {isa = PBXFileReference; explicitFileType = wrapper.cfbundle; includeInIndex = 0; path = MoneyManagerUITests.xctest; sourceTree = BUILT_PRODUCTS_DIR; };
		3F7E5E461E54C19200C574B9 /* MoneyManagerUITests.swift */ = {isa = PBXFileReference; lastKnownFileType = sourcecode.swift; path = MoneyManagerUITests.swift; sourceTree = "<group>"; };
		3F7E5E481E54C19200C574B9 /* Info.plist */ = {isa = PBXFileReference; lastKnownFileType = text.plist.xml; path = Info.plist; sourceTree = "<group>"; };
		3FAE4DE61E65CDB900910429 /* LaunchController.swift */ = {isa = PBXFileReference; fileEncoding = 4; lastKnownFileType = sourcecode.swift; path = LaunchController.swift; sourceTree = "<group>"; };
		3FAE4DE81E65DFB300910429 /* KeychainWrapper.swift */ = {isa = PBXFileReference; fileEncoding = 4; lastKnownFileType = sourcecode.swift; name = KeychainWrapper.swift; path = /Volumes/MBR_IOS/SwiftKeychainWrapper/KeychainWrapper.swift; sourceTree = "<absolute>"; };
		3FAE4DEA1E65DFD700910429 /* KeychainItemAccessibility.swift */ = {isa = PBXFileReference; fileEncoding = 4; lastKnownFileType = sourcecode.swift; name = KeychainItemAccessibility.swift; path = /Volumes/MBR_IOS/SwiftKeychainWrapper/KeychainItemAccessibility.swift; sourceTree = "<absolute>"; };
		3FF2917C1E5F38F50080BB00 /* Category.swift */ = {isa = PBXFileReference; fileEncoding = 4; lastKnownFileType = sourcecode.swift; path = Category.swift; sourceTree = "<group>"; };
		3FF291801E5F396D0080BB00 /* Bill.swift */ = {isa = PBXFileReference; fileEncoding = 4; lastKnownFileType = sourcecode.swift; path = Bill.swift; sourceTree = "<group>"; };
		3FF291861E5F84360080BB00 /* NewCategoryController.swift */ = {isa = PBXFileReference; fileEncoding = 4; lastKnownFileType = sourcecode.swift; path = NewCategoryController.swift; sourceTree = "<group>"; };
		3FF291881E5F84600080BB00 /* CategoryController.swift */ = {isa = PBXFileReference; fileEncoding = 4; lastKnownFileType = sourcecode.swift; path = CategoryController.swift; sourceTree = "<group>"; };
		3FF2918A1E5F846E0080BB00 /* NewBillController.swift */ = {isa = PBXFileReference; fileEncoding = 4; lastKnownFileType = sourcecode.swift; path = NewBillController.swift; sourceTree = "<group>"; };
/* End PBXFileReference section */

/* Begin PBXFrameworksBuildPhase section */
		3F7E5E1D1E54C19200C574B9 /* Frameworks */ = {
			isa = PBXFrameworksBuildPhase;
			buildActionMask = 2147483647;
			files = (
			);
			runOnlyForDeploymentPostprocessing = 0;
		};
		3F7E5E341E54C19200C574B9 /* Frameworks */ = {
			isa = PBXFrameworksBuildPhase;
			buildActionMask = 2147483647;
			files = (
			);
			runOnlyForDeploymentPostprocessing = 0;
		};
		3F7E5E3F1E54C19200C574B9 /* Frameworks */ = {
			isa = PBXFrameworksBuildPhase;
			buildActionMask = 2147483647;
			files = (
			);
			runOnlyForDeploymentPostprocessing = 0;
		};
/* End PBXFrameworksBuildPhase section */

/* Begin PBXGroup section */
		3F7E5E171E54C19200C574B9 = {
			isa = PBXGroup;
			children = (
				3F7E5E221E54C19200C574B9 /* MoneyManager */,
				3F7E5E3A1E54C19200C574B9 /* MoneyManagerTests */,
				3F7E5E451E54C19200C574B9 /* MoneyManagerUITests */,
				3F7E5E211E54C19200C574B9 /* Products */,
			);
			sourceTree = "<group>";
		};
		3F7E5E211E54C19200C574B9 /* Products */ = {
			isa = PBXGroup;
			children = (
				3F7E5E201E54C19200C574B9 /* MoneyManager.app */,
				3F7E5E371E54C19200C574B9 /* MoneyManagerTests.xctest */,
				3F7E5E421E54C19200C574B9 /* MoneyManagerUITests.xctest */,
			);
			name = Products;
			sourceTree = "<group>";
		};
		3F7E5E221E54C19200C574B9 /* MoneyManager */ = {
			isa = PBXGroup;
			children = (
				3FAE4DEC1E65E0F800910429 /* KeychainWrapper */,
				3FF291821E5F83A20080BB00 /* Objects */,
				3F7E5E231E54C19200C574B9 /* AppDelegate.swift */,
				3F7E5E251E54C19200C574B9 /* ViewController.swift */,
				3F7E5E271E54C19200C574B9 /* Main.storyboard */,
				3F7E5E2D1E54C19200C574B9 /* Assets.xcassets */,
				3F7E5E2F1E54C19200C574B9 /* LaunchScreen.storyboard */,
				3F7E5E321E54C19200C574B9 /* Info.plist */,
				3F7E5E2A1E54C19200C574B9 /* MoneyManager.xcdatamodeld */,
				3FF2918A1E5F846E0080BB00 /* NewBillController.swift */,
				3FF291861E5F84360080BB00 /* NewCategoryController.swift */,
				3FF291881E5F84600080BB00 /* CategoryController.swift */,
				3FAE4DE61E65CDB900910429 /* LaunchController.swift */,
			);
			path = MoneyManager;
			sourceTree = "<group>";
		};
		3F7E5E3A1E54C19200C574B9 /* MoneyManagerTests */ = {
			isa = PBXGroup;
			children = (
				3F7E5E3B1E54C19200C574B9 /* MoneyManagerTests.swift */,
				3F7E5E3D1E54C19200C574B9 /* Info.plist */,
			);
			path = MoneyManagerTests;
			sourceTree = "<group>";
		};
		3F7E5E451E54C19200C574B9 /* MoneyManagerUITests */ = {
			isa = PBXGroup;
			children = (
				3F7E5E461E54C19200C574B9 /* MoneyManagerUITests.swift */,
				3F7E5E481E54C19200C574B9 /* Info.plist */,
			);
			path = MoneyManagerUITests;
			sourceTree = "<group>";
		};
		3FAE4DEC1E65E0F800910429 /* KeychainWrapper */ = {
			isa = PBXGroup;
			children = (
				3FAE4DE81E65DFB300910429 /* KeychainWrapper.swift */,
				3FAE4DEA1E65DFD700910429 /* KeychainItemAccessibility.swift */,
			);
			name = KeychainWrapper;
			sourceTree = "<group>";
		};
		3FF291821E5F83A20080BB00 /* Objects */ = {
			isa = PBXGroup;
			children = (
				3FF2917C1E5F38F50080BB00 /* Category.swift */,
				3FF291801E5F396D0080BB00 /* Bill.swift */,
			);
			name = Objects;
			sourceTree = "<group>";
		};
/* End PBXGroup section */

/* Begin PBXNativeTarget section */
		3F7E5E1F1E54C19200C574B9 /* MoneyManager */ = {
			isa = PBXNativeTarget;
			buildConfigurationList = 3F7E5E4B1E54C19200C574B9 /* Build configuration list for PBXNativeTarget "MoneyManager" */;
			buildPhases = (
				3F7E5E1C1E54C19200C574B9 /* Sources */,
				3F7E5E1D1E54C19200C574B9 /* Frameworks */,
				3F7E5E1E1E54C19200C574B9 /* Resources */,
			);
			buildRules = (
			);
			dependencies = (
			);
			name = MoneyManager;
			productName = MoneyManager;
			productReference = 3F7E5E201E54C19200C574B9 /* MoneyManager.app */;
			productType = "com.apple.product-type.application";
		};
		3F7E5E361E54C19200C574B9 /* MoneyManagerTests */ = {
			isa = PBXNativeTarget;
			buildConfigurationList = 3F7E5E4E1E54C19200C574B9 /* Build configuration list for PBXNativeTarget "MoneyManagerTests" */;
			buildPhases = (
				3F7E5E331E54C19200C574B9 /* Sources */,
				3F7E5E341E54C19200C574B9 /* Frameworks */,
				3F7E5E351E54C19200C574B9 /* Resources */,
			);
			buildRules = (
			);
			dependencies = (
				3F7E5E391E54C19200C574B9 /* PBXTargetDependency */,
			);
			name = MoneyManagerTests;
			productName = MoneyManagerTests;
			productReference = 3F7E5E371E54C19200C574B9 /* MoneyManagerTests.xctest */;
			productType = "com.apple.product-type.bundle.unit-test";
		};
		3F7E5E411E54C19200C574B9 /* MoneyManagerUITests */ = {
			isa = PBXNativeTarget;
			buildConfigurationList = 3F7E5E511E54C19200C574B9 /* Build configuration list for PBXNativeTarget "MoneyManagerUITests" */;
			buildPhases = (
				3F7E5E3E1E54C19200C574B9 /* Sources */,
				3F7E5E3F1E54C19200C574B9 /* Frameworks */,
				3F7E5E401E54C19200C574B9 /* Resources */,
			);
			buildRules = (
			);
			dependencies = (
				3F7E5E441E54C19200C574B9 /* PBXTargetDependency */,
			);
			name = MoneyManagerUITests;
			productName = MoneyManagerUITests;
			productReference = 3F7E5E421E54C19200C574B9 /* MoneyManagerUITests.xctest */;
			productType = "com.apple.product-type.bundle.ui-testing";
		};
/* End PBXNativeTarget section */

/* Begin PBXProject section */
		3F7E5E181E54C19200C574B9 /* Project object */ = {
			isa = PBXProject;
			attributes = {
				LastSwiftUpdateCheck = 0820;
				LastUpgradeCheck = 0820;
				ORGANIZATIONNAME = Student;
				TargetAttributes = {
					3F7E5E1F1E54C19200C574B9 = {
						CreatedOnToolsVersion = 8.2.1;
						ProvisioningStyle = Automatic;
					};
					3F7E5E361E54C19200C574B9 = {
						CreatedOnToolsVersion = 8.2.1;
						ProvisioningStyle = Automatic;
						TestTargetID = 3F7E5E1F1E54C19200C574B9;
					};
					3F7E5E411E54C19200C574B9 = {
						CreatedOnToolsVersion = 8.2.1;
						ProvisioningStyle = Automatic;
						TestTargetID = 3F7E5E1F1E54C19200C574B9;
					};
				};
			};
			buildConfigurationList = 3F7E5E1B1E54C19200C574B9 /* Build configuration list for PBXProject "MoneyManager" */;
			compatibilityVersion = "Xcode 3.2";
			developmentRegion = English;
			hasScannedForEncodings = 0;
			knownRegions = (
				en,
				Base,
			);
			mainGroup = 3F7E5E171E54C19200C574B9;
			productRefGroup = 3F7E5E211E54C19200C574B9 /* Products */;
			projectDirPath = "";
			projectRoot = "";
			targets = (
				3F7E5E1F1E54C19200C574B9 /* MoneyManager */,
				3F7E5E361E54C19200C574B9 /* MoneyManagerTests */,
				3F7E5E411E54C19200C574B9 /* MoneyManagerUITests */,
			);
		};
/* End PBXProject section */

/* Begin PBXResourcesBuildPhase section */
		3F7E5E1E1E54C19200C574B9 /* Resources */ = {
			isa = PBXResourcesBuildPhase;
			buildActionMask = 2147483647;
			files = (
				3F7E5E311E54C19200C574B9 /* LaunchScreen.storyboard in Resources */,
				3F7E5E2E1E54C19200C574B9 /* Assets.xcassets in Resources */,
				3F7E5E291E54C19200C574B9 /* Main.storyboard in Resources */,
			);
			runOnlyForDeploymentPostprocessing = 0;
		};
		3F7E5E351E54C19200C574B9 /* Resources */ = {
			isa = PBXResourcesBuildPhase;
			buildActionMask = 2147483647;
			files = (
			);
			runOnlyForDeploymentPostprocessing = 0;
		};
		3F7E5E401E54C19200C574B9 /* Resources */ = {
			isa = PBXResourcesBuildPhase;
			buildActionMask = 2147483647;
			files = (
			);
			runOnlyForDeploymentPostprocessing = 0;
		};
/* End PBXResourcesBuildPhase section */

/* Begin PBXSourcesBuildPhase section */
		3F7E5E1C1E54C19200C574B9 /* Sources */ = {
			isa = PBXSourcesBuildPhase;
			buildActionMask = 2147483647;
			files = (
				3F7E5E261E54C19200C574B9 /* ViewController.swift in Sources */,
				3FF291811E5F396D0080BB00 /* Bill.swift in Sources */,
				3FF291871E5F84360080BB00 /* NewCategoryController.swift in Sources */,
				3FF2918B1E5F846E0080BB00 /* NewBillController.swift in Sources */,
				3FF291891E5F84600080BB00 /* CategoryController.swift in Sources */,
				3F7E5E2C1E54C19200C574B9 /* MoneyManager.xcdatamodeld in Sources */,
				3F7E5E241E54C19200C574B9 /* AppDelegate.swift in Sources */,
				3FAE4DE71E65CDB900910429 /* LaunchController.swift in Sources */,
				3FF2917D1E5F38F50080BB00 /* Category.swift in Sources */,
				3FAE4DE91E65DFB300910429 /* KeychainWrapper.swift in Sources */,
				3FAE4DEB1E65DFD700910429 /* KeychainItemAccessibility.swift in Sources */,
			);
			runOnlyForDeploymentPostprocessing = 0;
		};
		3F7E5E331E54C19200C574B9 /* Sources */ = {
			isa = PBXSourcesBuildPhase;
			buildActionMask = 2147483647;
			files = (
				3F7E5E3C1E54C19200C574B9 /* MoneyManagerTests.swift in Sources */,
			);
			runOnlyForDeploymentPostprocessing = 0;
		};
		3F7E5E3E1E54C19200C574B9 /* Sources */ = {
			isa = PBXSourcesBuildPhase;
			buildActionMask = 2147483647;
			files = (
				3F7E5E471E54C19200C574B9 /* MoneyManagerUITests.swift in Sources */,
			);
			runOnlyForDeploymentPostprocessing = 0;
		};
/* End PBXSourcesBuildPhase section */

/* Begin PBXTargetDependency section */
		3F7E5E391E54C19200C574B9 /* PBXTargetDependency */ = {
			isa = PBXTargetDependency;
			target = 3F7E5E1F1E54C19200C574B9 /* MoneyManager */;
			targetProxy = 3F7E5E381E54C19200C574B9 /* PBXContainerItemProxy */;
		};
		3F7E5E441E54C19200C574B9 /* PBXTargetDependency */ = {
			isa = PBXTargetDependency;
			target = 3F7E5E1F1E54C19200C574B9 /* MoneyManager */;
			targetProxy = 3F7E5E431E54C19200C574B9 /* PBXContainerItemProxy */;
		};
/* End PBXTargetDependency section */

/* Begin PBXVariantGroup section */
		3F7E5E271E54C19200C574B9 /* Main.storyboard */ = {
			isa = PBXVariantGroup;
			children = (
				3F7E5E281E54C19200C574B9 /* Base */,
			);
			name = Main.storyboard;
			sourceTree = "<group>";
		};
		3F7E5E2F1E54C19200C574B9 /* LaunchScreen.storyboard */ = {
			isa = PBXVariantGroup;
			children = (
				3F7E5E301E54C19200C574B9 /* Base */,
			);
			name = LaunchScreen.storyboard;
			sourceTree = "<group>";
		};
/* End PBXVariantGroup section */

/* Begin XCBuildConfiguration section */
		3F7E5E491E54C19200C574B9 /* Debug */ = {
			isa = XCBuildConfiguration;
			buildSettings = {
				ALWAYS_SEARCH_USER_PATHS = NO;
				CLANG_ANALYZER_NONNULL = YES;
				CLANG_CXX_LANGUAGE_STANDARD = "gnu++0x";
				CLANG_CXX_LIBRARY = "libc++";
				CLANG_ENABLE_MODULES = YES;
				CLANG_ENABLE_OBJC_ARC = YES;
				CLANG_WARN_BOOL_CONVERSION = YES;
				CLANG_WARN_CONSTANT_CONVERSION = YES;
				CLANG_WARN_DIRECT_OBJC_ISA_USAGE = YES_ERROR;
				CLANG_WARN_DOCUMENTATION_COMMENTS = YES;
				CLANG_WARN_EMPTY_BODY = YES;
				CLANG_WARN_ENUM_CONVERSION = YES;
				CLANG_WARN_INFINITE_RECURSION = YES;
				CLANG_WARN_INT_CONVERSION = YES;
				CLANG_WARN_OBJC_ROOT_CLASS = YES_ERROR;
				CLANG_WARN_SUSPICIOUS_MOVE = YES;
				CLANG_WARN_UNREACHABLE_CODE = YES;
				CLANG_WARN__DUPLICATE_METHOD_MATCH = YES;
				"CODE_SIGN_IDENTITY[sdk=iphoneos*]" = "iPhone Developer";
				COPY_PHASE_STRIP = NO;
				DEBUG_INFORMATION_FORMAT = dwarf;
				ENABLE_STRICT_OBJC_MSGSEND = YES;
				ENABLE_TESTABILITY = YES;
				GCC_C_LANGUAGE_STANDARD = gnu99;
				GCC_DYNAMIC_NO_PIC = NO;
				GCC_NO_COMMON_BLOCKS = YES;
				GCC_OPTIMIZATION_LEVEL = 0;
				GCC_PREPROCESSOR_DEFINITIONS = (
					"DEBUG=1",
					"$(inherited)",
				);
				GCC_WARN_64_TO_32_BIT_CONVERSION = YES;
				GCC_WARN_ABOUT_RETURN_TYPE = YES_ERROR;
				GCC_WARN_UNDECLARED_SELECTOR = YES;
				GCC_WARN_UNINITIALIZED_AUTOS = YES_AGGRESSIVE;
				GCC_WARN_UNUSED_FUNCTION = YES;
				GCC_WARN_UNUSED_VARIABLE = YES;
				IPHONEOS_DEPLOYMENT_TARGET = 10.2;
				MTL_ENABLE_DEBUG_INFO = YES;
				ONLY_ACTIVE_ARCH = YES;
				SDKROOT = iphoneos;
				SWIFT_ACTIVE_COMPILATION_CONDITIONS = DEBUG;
				SWIFT_OPTIMIZATION_LEVEL = "-Onone";
			};
			name = Debug;
		};
		3F7E5E4A1E54C19200C574B9 /* Release */ = {
			isa = XCBuildConfiguration;
			buildSettings = {
				ALWAYS_SEARCH_USER_PATHS = NO;
				CLANG_ANALYZER_NONNULL = YES;
				CLANG_CXX_LANGUAGE_STANDARD = "gnu++0x";
				CLANG_CXX_LIBRARY = "libc++";
				CLANG_ENABLE_MODULES = YES;
				CLANG_ENABLE_OBJC_ARC = YES;
				CLANG_WARN_BOOL_CONVERSION = YES;
				CLANG_WARN_CONSTANT_CONVERSION = YES;
				CLANG_WARN_DIRECT_OBJC_ISA_USAGE = YES_ERROR;
				CLANG_WARN_DOCUMENTATION_COMMENTS = YES;
				CLANG_WARN_EMPTY_BODY = YES;
				CLANG_WARN_ENUM_CONVERSION = YES;
				CLANG_WARN_INFINITE_RECURSION = YES;
				CLANG_WARN_INT_CONVERSION = YES;
				CLANG_WARN_OBJC_ROOT_CLASS = YES_ERROR;
				CLANG_WARN_SUSPICIOUS_MOVE = YES;
				CLANG_WARN_UNREACHABLE_CODE = YES;
				CLANG_WARN__DUPLICATE_METHOD_MATCH = YES;
				"CODE_SIGN_IDENTITY[sdk=iphoneos*]" = "iPhone Developer";
				COPY_PHASE_STRIP = NO;
				DEBUG_INFORMATION_FORMAT = "dwarf-with-dsym";
				ENABLE_NS_ASSERTIONS = NO;
				ENABLE_STRICT_OBJC_MSGSEND = YES;
				GCC_C_LANGUAGE_STANDARD = gnu99;
				GCC_NO_COMMON_BLOCKS = YES;
				GCC_WARN_64_TO_32_BIT_CONVERSION = YES;
				GCC_WARN_ABOUT_RETURN_TYPE = YES_ERROR;
				GCC_WARN_UNDECLARED_SELECTOR = YES;
				GCC_WARN_UNINITIALIZED_AUTOS = YES_AGGRESSIVE;
				GCC_WARN_UNUSED_FUNCTION = YES;
				GCC_WARN_UNUSED_VARIABLE = YES;
				IPHONEOS_DEPLOYMENT_TARGET = 10.2;
				MTL_ENABLE_DEBUG_INFO = NO;
				SDKROOT = iphoneos;
				SWIFT_OPTIMIZATION_LEVEL = "-Owholemodule";
				VALIDATE_PRODUCT = YES;
			};
			name = Release;
		};
		3F7E5E4C1E54C19200C574B9 /* Debug */ = {
			isa = XCBuildConfiguration;
			buildSettings = {
				ASSETCATALOG_COMPILER_APPICON_NAME = AppIcon;
				INFOPLIST_FILE = MoneyManager/Info.plist;
				LD_RUNPATH_SEARCH_PATHS = "$(inherited) @executable_path/Frameworks";
				PRODUCT_BUNDLE_IDENTIFIER = at.mayrh.breit.MoneyManager;
				PRODUCT_NAME = "$(TARGET_NAME)";
				SWIFT_VERSION = 3.0;
			};
			name = Debug;
		};
		3F7E5E4D1E54C19200C574B9 /* Release */ = {
			isa = XCBuildConfiguration;
			buildSettings = {
				ASSETCATALOG_COMPILER_APPICON_NAME = AppIcon;
				INFOPLIST_FILE = MoneyManager/Info.plist;
				LD_RUNPATH_SEARCH_PATHS = "$(inherited) @executable_path/Frameworks";
				PRODUCT_BUNDLE_IDENTIFIER = at.mayrh.breit.MoneyManager;
				PRODUCT_NAME = "$(TARGET_NAME)";
				SWIFT_VERSION = 3.0;
			};
			name = Release;
		};
		3F7E5E4F1E54C19200C574B9 /* Debug */ = {
			isa = XCBuildConfiguration;
			buildSettings = {
				ALWAYS_EMBED_SWIFT_STANDARD_LIBRARIES = YES;
				BUNDLE_LOADER = "$(TEST_HOST)";
				INFOPLIST_FILE = MoneyManagerTests/Info.plist;
				LD_RUNPATH_SEARCH_PATHS = "$(inherited) @executable_path/Frameworks @loader_path/Frameworks";
				PRODUCT_BUNDLE_IDENTIFIER = at.mayrh.breit.MoneyManagerTests;
				PRODUCT_NAME = "$(TARGET_NAME)";
				SWIFT_VERSION = 3.0;
				TEST_HOST = "$(BUILT_PRODUCTS_DIR)/MoneyManager.app/MoneyManager";
			};
			name = Debug;
		};
		3F7E5E501E54C19200C574B9 /* Release */ = {
			isa = XCBuildConfiguration;
			buildSettings = {
				ALWAYS_EMBED_SWIFT_STANDARD_LIBRARIES = YES;
				BUNDLE_LOADER = "$(TEST_HOST)";
				INFOPLIST_FILE = MoneyManagerTests/Info.plist;
				LD_RUNPATH_SEARCH_PATHS = "$(inherited) @executable_path/Frameworks @loader_path/Frameworks";
				PRODUCT_BUNDLE_IDENTIFIER = at.mayrh.breit.MoneyManagerTests;
				PRODUCT_NAME = "$(TARGET_NAME)";
				SWIFT_VERSION = 3.0;
				TEST_HOST = "$(BUILT_PRODUCTS_DIR)/MoneyManager.app/MoneyManager";
			};
			name = Release;
		};
		3F7E5E521E54C19200C574B9 /* Debug */ = {
			isa = XCBuildConfiguration;
			buildSettings = {
				ALWAYS_EMBED_SWIFT_STANDARD_LIBRARIES = YES;
				INFOPLIST_FILE = MoneyManagerUITests/Info.plist;
				LD_RUNPATH_SEARCH_PATHS = "$(inherited) @executable_path/Frameworks @loader_path/Frameworks";
				PRODUCT_BUNDLE_IDENTIFIER = at.mayrh.breit.MoneyManagerUITests;
				PRODUCT_NAME = "$(TARGET_NAME)";
				SWIFT_VERSION = 3.0;
				TEST_TARGET_NAME = MoneyManager;
			};
			name = Debug;
		};
		3F7E5E531E54C19200C574B9 /* Release */ = {
			isa = XCBuildConfiguration;
			buildSettings = {
				ALWAYS_EMBED_SWIFT_STANDARD_LIBRARIES = YES;
				INFOPLIST_FILE = MoneyManagerUITests/Info.plist;
				LD_RUNPATH_SEARCH_PATHS = "$(inherited) @executable_path/Frameworks @loader_path/Frameworks";
				PRODUCT_BUNDLE_IDENTIFIER = at.mayrh.breit.MoneyManagerUITests;
				PRODUCT_NAME = "$(TARGET_NAME)";
				SWIFT_VERSION = 3.0;
				TEST_TARGET_NAME = MoneyManager;
			};
			name = Release;
		};
/* End XCBuildConfiguration section */

/* Begin XCConfigurationList section */
		3F7E5E1B1E54C19200C574B9 /* Build configuration list for PBXProject "MoneyManager" */ = {
			isa = XCConfigurationList;
			buildConfigurations = (
				3F7E5E491E54C19200C574B9 /* Debug */,
				3F7E5E4A1E54C19200C574B9 /* Release */,
			);
			defaultConfigurationIsVisible = 0;
			defaultConfigurationName = Release;
		};
		3F7E5E4B1E54C19200C574B9 /* Build configuration list for PBXNativeTarget "MoneyManager" */ = {
			isa = XCConfigurationList;
			buildConfigurations = (
				3F7E5E4C1E54C19200C574B9 /* Debug */,
				3F7E5E4D1E54C19200C574B9 /* Release */,
			);
			defaultConfigurationIsVisible = 0;
			defaultConfigurationName = Release;
		};
		3F7E5E4E1E54C19200C574B9 /* Build configuration list for PBXNativeTarget "MoneyManagerTests" */ = {
			isa = XCConfigurationList;
			buildConfigurations = (
				3F7E5E4F1E54C19200C574B9 /* Debug */,
				3F7E5E501E54C19200C574B9 /* Release */,
			);
			defaultConfigurationIsVisible = 0;
			defaultConfigurationName = Release;
		};
		3F7E5E511E54C19200C574B9 /* Build configuration list for PBXNativeTarget "MoneyManagerUITests" */ = {
			isa = XCConfigurationList;
			buildConfigurations = (
				3F7E5E521E54C19200C574B9 /* Debug */,
				3F7E5E531E54C19200C574B9 /* Release */,
			);
			defaultConfigurationIsVisible = 0;
			defaultConfigurationName = Release;
		};
/* End XCConfigurationList section */

/* Begin XCVersionGroup section */
		3F7E5E2A1E54C19200C574B9 /* MoneyManager.xcdatamodeld */ = {
			isa = XCVersionGroup;
			children = (
				3F7E5E2B1E54C19200C574B9 /* MoneyManager.xcdatamodel */,
			);
			currentVersion = 3F7E5E2B1E54C19200C574B9 /* MoneyManager.xcdatamodel */;
			path = MoneyManager.xcdatamodeld;
			sourceTree = "<group>";
			versionGroupType = wrapper.xcdatamodel;
		};
/* End XCVersionGroup section */
	};
	rootObject = 3F7E5E181E54C19200C574B9 /* Project object */;
}
